{
  "nodes": {
    "emacs-overlay": {
      "locked": {
        "lastModified": 1650394557,
        "narHash": "sha256-4vQlbQCqIudyGSlI3Qnx4k4/uZq6RULS8it473Rkg/k=",
        "owner": "nix-community",
        "repo": "emacs-overlay",
        "rev": "aef2a37fd64133f1177ed7bc6e4d139285b20bd6",
        "type": "github"
      },
      "original": {
        "owner": "nix-community",
        "repo": "emacs-overlay",
        "type": "github"
      }
    },
    "flake-compat": {
      "flake": false,
      "locked": {
        "lastModified": 1648199409,
        "narHash": "sha256-JwPKdC2PoVBkG6E+eWw3j6BMR6sL3COpYWfif7RVb8Y=",
        "owner": "edolstra",
        "repo": "flake-compat",
        "rev": "64a525ee38886ab9028e6f61790de0832aa3ef03",
        "type": "github"
      },
      "original": {
        "owner": "edolstra",
        "repo": "flake-compat",
        "type": "github"
      }
    },
    "flake-utils": {
      "locked": {
        "lastModified": 1644229661,
        "narHash": "sha256-1YdnJAsNy69bpcjuoKdOYQX0YxZBiCYZo4Twxerqv7k=",
        "owner": "numtide",
        "repo": "flake-utils",
        "rev": "3cecb5b042f7f209c56ffd8371b2711a290ec797",
        "type": "github"
      },
      "original": {
        "owner": "numtide",
        "repo": "flake-utils",
        "type": "github"
      }
    },
    "home-manager": {
      "inputs": {
        "nixpkgs": [
          "nixpkgs"
        ]
      },
      "locked": {
        "lastModified": 1649887911,
        "narHash": "sha256-Af0Ppb1RZ7HWuxUvF0/O7h3cy8tqU2eKFyVwyA1ZD+w=",
        "owner": "nix-community",
        "repo": "home-manager",
        "rev": "7244c6715cb8f741f3b3e1220a9279e97b2ed8f5",
        "type": "github"
      },
      "original": {
        "owner": "nix-community",
        "ref": "release-21.11",
        "repo": "home-manager",
        "type": "github"
      }
    },
    "neovim-flake": {
      "inputs": {
        "flake-utils": "flake-utils",
        "nixpkgs": [
          "neovim-overlay",
          "nixpkgs"
        ]
      },
      "locked": {
        "dir": "contrib",
        "lastModified": 1650333806,
        "narHash": "sha256-ZrnN9ssclGTChvomcqL4Uact8L9+yToywNwrjyUULgI=",
        "owner": "neovim",
        "repo": "neovim",
        "rev": "147cc60d24f093b5154824889f2151489774ef33",
        "type": "github"
      },
      "original": {
        "dir": "contrib",
        "owner": "neovim",
        "repo": "neovim",
        "type": "github"
      }
    },
    "neovim-overlay": {
      "inputs": {
        "flake-compat": "flake-compat",
        "neovim-flake": "neovim-flake",
        "nixpkgs": [
          "nixpkgs"
        ]
      },
      "locked": {
        "lastModified": 1650356316,
        "narHash": "sha256-RojfPzSC+veD2SCugaMNJ9c+TzD9hPIToWkC2venhrU=",
        "owner": "nix-community",
        "repo": "neovim-nightly-overlay",
        "rev": "1c8ffbfa48d212eb806e3ea3eeae4c6c444130d5",
        "type": "github"
      },
      "original": {
        "owner": "nix-community",
        "repo": "neovim-nightly-overlay",
        "type": "github"
      }
    },
    "nixpkgs": {
      "locked": {
        "lastModified": 1650244918,
        "narHash": "sha256-DsS5nxjTpnoUC4pNXJI1rit7TnDTij8vQDa5PtcDCD0=",
        "owner": "NixOS",
        "repo": "nixpkgs",
        "rev": "7b38b03d76ab71bdc8dc325e3f6338d984cc35ca",
        "type": "github"
      },
      "original": {
        "id": "nixpkgs",
        "ref": "nixos-21.11",
        "type": "indirect"
      }
    },
    "nur": {
      "locked": {
        "lastModified": 1650399020,
        "narHash": "sha256-TqyQ9p4B7LBdwiY3gHuwW2Wx7nKVmNhl1WKyo6X1i4A=",
        "owner": "nix-community",
        "repo": "NUR",
        "rev": "54b5ff94277f7478def346a92c4328653981ac6f",
        "type": "github"
      },
      "original": {
        "owner": "nix-community",
        "repo": "NUR",
        "type": "github"
      }
    },
    "root": {
      "inputs": {
        "emacs-overlay": "emacs-overlay",
        "home-manager": "home-manager",
        "neovim-overlay": "neovim-overlay",
        "nixpkgs": "nixpkgs",
        "nur": "nur"
      }
    }
  },
  "root": "root",
  "version": 7
}
